
Microsoft Visual Studio Solution File, Format Version 12.00
# Visual Studio Version 17
VisualStudioVersion = 17.8.34330.188
MinimumVisualStudioVersion = 10.0.40219.1
Project("{FAE04EC0-301F-11D3-BF4B-00C04F79EFBC}") = "Task(VectoDigital)", "Task(VectoDigital)\Task(VectoDigital).csproj", "{29C45730-ED6B-44EE-BD85-C84927BD936C}"
EndProject
Project("{FAE04EC0-301F-11D3-BF4B-00C04F79EFBC}") = "ImageProcessing", "ImageProcessing\ImageProcessing.csproj", "{A1065B76-62B1-44F2-9900-7FD929E79BF9}"
EndProject
Global
	GlobalSection(SolutionConfigurationPlatforms) = preSolution
		Debug|Any CPU = Debug|Any CPU
		Release|Any CPU = Release|Any CPU
	EndGlobalSection
	GlobalSection(ProjectConfigurationPlatforms) = postSolution
		{29C45730-ED6B-44EE-BD85-C84927BD936C}.Debug|Any CPU.ActiveCfg = Debug|Any CPU
		{29C45730-ED6B-44EE-BD85-C84927BD936C}.Debug|Any CPU.Build.0 = Debug|Any CPU
		{29C45730-ED6B-44EE-BD85-C84927BD936C}.Release|Any CPU.ActiveCfg = Release|Any CPU
		{29C45730-ED6B-44EE-BD85-C84927BD936C}.Release|Any CPU.Build.0 = Release|Any CPU
		{A1065B76-62B1-44F2-9900-7FD929E79BF9}.Debug|Any CPU.ActiveCfg = Debug|Any CPU
		{A1065B76-62B1-44F2-9900-7FD929E79BF9}.Debug|Any CPU.Build.0 = Debug|Any CPU
		{A1065B76-62B1-44F2-9900-7FD929E79BF9}.Release|Any CPU.ActiveCfg = Release|Any CPU
		{A1065B76-62B1-44F2-9900-7FD929E79BF9}.Release|Any CPU.Build.0 = Release|Any CPU
	EndGlobalSection
	GlobalSection(SolutionProperties) = preSolution
		HideSolutionNode = FALSE
	EndGlobalSection
	GlobalSection(ExtensibilityGlobals) = postSolution
		SolutionGuid = {3977775F-C48A-437B-BC5A-D15B7411D1FE}
	EndGlobalSection
EndGlobal
